
Microsoft Visual Studio Solution File, Format Version 12.00
# Visual Studio Version 16
VisualStudioVersion = 16.0.30104.148
MinimumVisualStudioVersion = 10.0.40219.1
Project("{9A19103F-16F7-4668-BE54-9A1E7A4F7556}") = "Managing-RBAC-in-Azure", "Code\Managing-RBAC-in-Azure.csproj", "{459C5BBB-22B3-4690-AE28-F04D7C69F3EF}"
EndProject
Project("{9A19103F-16F7-4668-BE54-9A1E7A4F7556}") = "Managing-RBAC-in-Azure.Tests", "Managing-RBAC-in-AzureTest\Managing-RBAC-in-Azure.Tests.csproj", "{4DDFBB73-60DB-48E9-B092-77641AC7A21F}"
EndProject
Project("{9A19103F-16F7-4668-BE54-9A1E7A4F7556}") = "Managing-RBAC-in-Azure.ListOptions", "ListingOptions\Managing-RBAC-in-Azure.ListOptions.csproj", "{61FEC8C5-1958-4438-A50F-83D9CF533476}"
EndProject
Global
	GlobalSection(SolutionConfigurationPlatforms) = preSolution
		Debug|Any CPU = Debug|Any CPU
		Release|Any CPU = Release|Any CPU
	EndGlobalSection
	GlobalSection(ProjectConfigurationPlatforms) = postSolution
		{459C5BBB-22B3-4690-AE28-F04D7C69F3EF}.Debug|Any CPU.ActiveCfg = Debug|Any CPU
		{459C5BBB-22B3-4690-AE28-F04D7C69F3EF}.Debug|Any CPU.Build.0 = Debug|Any CPU
		{459C5BBB-22B3-4690-AE28-F04D7C69F3EF}.Release|Any CPU.ActiveCfg = Release|Any CPU
		{459C5BBB-22B3-4690-AE28-F04D7C69F3EF}.Release|Any CPU.Build.0 = Release|Any CPU
		{4DDFBB73-60DB-48E9-B092-77641AC7A21F}.Debug|Any CPU.ActiveCfg = Debug|Any CPU
		{4DDFBB73-60DB-48E9-B092-77641AC7A21F}.Debug|Any CPU.Build.0 = Debug|Any CPU
		{4DDFBB73-60DB-48E9-B092-77641AC7A21F}.Release|Any CPU.ActiveCfg = Release|Any CPU
		{4DDFBB73-60DB-48E9-B092-77641AC7A21F}.Release|Any CPU.Build.0 = Release|Any CPU
		{61FEC8C5-1958-4438-A50F-83D9CF533476}.Debug|Any CPU.ActiveCfg = Debug|Any CPU
		{61FEC8C5-1958-4438-A50F-83D9CF533476}.Debug|Any CPU.Build.0 = Debug|Any CPU
		{61FEC8C5-1958-4438-A50F-83D9CF533476}.Release|Any CPU.ActiveCfg = Release|Any CPU
		{61FEC8C5-1958-4438-A50F-83D9CF533476}.Release|Any CPU.Build.0 = Release|Any CPU
	EndGlobalSection
	GlobalSection(SolutionProperties) = preSolution
		HideSolutionNode = FALSE
	EndGlobalSection
	GlobalSection(ExtensibilityGlobals) = postSolution
		SolutionGuid = {1F244D35-0F96-40B3-9742-CBF16621DDEB}
	EndGlobalSection
EndGlobal
