
Microsoft Visual Studio Solution File, Format Version 12.00
# Visual Studio Version 16
VisualStudioVersion = 16.0.30104.148
MinimumVisualStudioVersion = 10.0.40219.1
Project("{9A19103F-16F7-4668-BE54-9A1E7A4F7556}") = "Managing-RBAC-in-Azure", "Managing-RBAC-in-Azure.csproj", "{459C5BBB-22B3-4690-AE28-F04D7C69F3EF}"
EndProject
Project("{FAE04EC0-301F-11D3-BF4B-00C04F79EFBC}") = "UnitTests_Phase2", "..\UnitTests_Phase2\UnitTests_Phase2.csproj", "{89B0B37D-6A0A-4A59-9ABA-E20CE2B9B533}"
EndProject
Global
	GlobalSection(SolutionConfigurationPlatforms) = preSolution
		Debug|Any CPU = Debug|Any CPU
		Release|Any CPU = Release|Any CPU
	EndGlobalSection
	GlobalSection(ProjectConfigurationPlatforms) = postSolution
		{459C5BBB-22B3-4690-AE28-F04D7C69F3EF}.Debug|Any CPU.ActiveCfg = Debug|Any CPU
		{459C5BBB-22B3-4690-AE28-F04D7C69F3EF}.Debug|Any CPU.Build.0 = Debug|Any CPU
		{459C5BBB-22B3-4690-AE28-F04D7C69F3EF}.Release|Any CPU.ActiveCfg = Release|Any CPU
		{459C5BBB-22B3-4690-AE28-F04D7C69F3EF}.Release|Any CPU.Build.0 = Release|Any CPU
		{89B0B37D-6A0A-4A59-9ABA-E20CE2B9B533}.Debug|Any CPU.ActiveCfg = Debug|Any CPU
		{89B0B37D-6A0A-4A59-9ABA-E20CE2B9B533}.Debug|Any CPU.Build.0 = Debug|Any CPU
		{89B0B37D-6A0A-4A59-9ABA-E20CE2B9B533}.Release|Any CPU.ActiveCfg = Release|Any CPU
		{89B0B37D-6A0A-4A59-9ABA-E20CE2B9B533}.Release|Any CPU.Build.0 = Release|Any CPU
	EndGlobalSection
	GlobalSection(SolutionProperties) = preSolution
		HideSolutionNode = FALSE
	EndGlobalSection
	GlobalSection(ExtensibilityGlobals) = postSolution
		SolutionGuid = {1F244D35-0F96-40B3-9742-CBF16621DDEB}
	EndGlobalSection
EndGlobal
